dependencies:
- name: postgresql
  repository: https://charts.bitnami.com/bitnami
  version: 16.7.27
- name: redis
  repository: https://charts.bitnami.com/bitnami
  version: 19.6.4
digest: sha256:2574ac6aa32157a55deb018bb27ffe69822937e7f30e3ab276adaecdd8488b62
generated: "2026-04-17T15:20:35.18222386+02:00"
